
Microsoft Visual Studio Solution File, Format Version 12.00
# Visual Studio Version 17
VisualStudioVersion = 17.4.33213.308
MinimumVisualStudioVersion = 10.0.40219.1
Project("{FAE04EC0-301F-11D3-BF4B-00C04F79EFBC}") = "NES_emu", "NES_emu.csproj", "{D5E2C559-32BD-46EC-A1D0-F3FDAB0E94C7}"
EndProject
Global
	GlobalSection(SolutionConfigurationPlatforms) = preSolution
		Debug|Any CPU = Debug|Any CPU
		Release|Any CPU = Release|Any CPU
	EndGlobalSection
	GlobalSection(ProjectConfigurationPlatforms) = postSolution
		{D5E2C559-32BD-46EC-A1D0-F3FDAB0E94C7}.Debug|Any CPU.ActiveCfg = Debug|Any CPU
		{D5E2C559-32BD-46EC-A1D0-F3FDAB0E94C7}.Debug|Any CPU.Build.0 = Debug|Any CPU
		{D5E2C559-32BD-46EC-A1D0-F3FDAB0E94C7}.Release|Any CPU.ActiveCfg = Release|Any CPU
		{D5E2C559-32BD-46EC-A1D0-F3FDAB0E94C7}.Release|Any CPU.Build.0 = Release|Any CPU
	EndGlobalSection
	GlobalSection(SolutionProperties) = preSolution
		HideSolutionNode = FALSE
	EndGlobalSection
	GlobalSection(ExtensibilityGlobals) = postSolution
		SolutionGuid = {7C3DB429-47EE-4DAD-A874-552D9268EFF8}
	EndGlobalSection
EndGlobal
